# THIS IS AN AUTOGENERATED FILE. DO NOT EDIT THIS FILE DIRECTLY.
# yarn lockfile v1


react-social-login-buttons@^3.0.0:
  version "3.0.0"
  resolved "https://registry.yarnpkg.com/react-social-login-buttons/-/react-social-login-buttons-3.0.0.tgz#e70af9ee6b0cf4e7339094a1fcbe5a466c55068e"
  integrity sha512-G9/qDbxWWmX1Y3Oq/jVI5pQF9kml2CI/+YerZfCcbiHgO59592xfUXRrbh38gUfNs0lj/pXAS4dZ99VK27yO9w==

redux-persist@^6.0.0:
  version "6.0.0"
  resolved "https://registry.yarnpkg.com/redux-persist/-/redux-persist-6.0.0.tgz#b4d2972f9859597c130d40d4b146fecdab51b3a8"
  integrity sha512-71LLMbUq2r02ng2We9S215LtPu3fY0KgaGE0k8WRgl6RkqxtGfl7HUozz1Dftwsb0D/5mZ8dwAaPbtnzfvbEwQ==
